github.com/FollowTheProcess/cli v0.10.0 h1:C0NXCevm9B93xB4eWRqW3jALnhF+04Ag7oCH2re8iaQ=
github.com/FollowTheProcess/cli v0.10.0/go.mod h1:p3rImroDhYdrZXFRs8MUc2MHmEIWmegZGly7b3M3jL0=
github.com/FollowTheProcess/msg v1.3.0 h1:0wyDhyvd+jzjgrJNxObJPgDvO4nJAjfnf63xx5s5FYw=
github.com/FollowTheProcess/msg v1.3.0/go.mod h1:MfbeMtID8OAN3/p+Vorjw+EV/EdTy/NLSWqRYdScNDQ=
github.com/FollowTheProcess/snapshot v0.1.0 h1:G5tWpBXVre6cTrmN1OWZLiTnqEi9IKLiewtQQYOnQqc=
github.com/FollowTheProcess/snapshot v0.1.0/go.mod h1:sJv2oq83QK5Yj6+JVts8fQIaAJjQfsxN/WtGqX8oKIg=
github.com/FollowTheProcess/test v0.17.1 h1:j4TkMqzxvYoyAP9alaTNPgKOPUJHOBCs0z4fNJb7Kr0=
github.com/FollowTheProcess/test v0.17.1/go.mod h1:LlRdAk8bwBZ5kP10xHOcOTknNUrHU347IH7RgAm2Dgs=
github.com/google/go-cmp v0.6.0 h1:ofyhxvXcZhMsU5ulbFiLKl/XBFqE1GSq7atu8tAmTRI=
github.com/google/go-cmp v0.6.0/go.mod h1:17dUlkBOakJ0+DkrSSNjCkIjxS6bF9zb3elmeNGIjoY=
